// !$*UTF8*$!
{
	archiveVersion = 1;
	classes = {
	};
	objectVersion = 56;
	objects = {

/* Begin PBXBuildFile section */
		0DD35EB92962ACA4001DE3BE /* EDGTestApp.swift in Sources */ = {isa = PBXBuildFile; fileRef = 0DD35EB82962ACA4001DE3BE /* EDGTestApp.swift */; };
		0DD35EBB2962ACA4001DE3BE /* ContentView.swift in Sources */ = {isa = PBXBuildFile; fileRef = 0DD35EBA2962ACA4001DE3BE /* ContentView.swift */; };
		0DD35EBD2962ACA7001DE3BE /* Assets.xcassets in Resources */ = {isa = PBXBuildFile; fileRef = 0DD35EBC2962ACA7001DE3BE /* Assets.xcassets */; };
		0DD35EC02962ACA7001DE3BE /* Preview Assets.xcassets in Resources */ = {isa = PBXBuildFile; fileRef = 0DD35EBF2962ACA7001DE3BE /* Preview Assets.xcassets */; };
		0DD35ECA2962ACA8001DE3BE /* EDGTestTests.swift in Sources */ = {isa = PBXBuildFile; fileRef = 0DD35EC92962ACA8001DE3BE /* EDGTestTests.swift */; };
		0DD35ED42962ACA8001DE3BE /* EDGTestUITests.swift in Sources */ = {isa = PBXBuildFile; fileRef = 0DD35ED32962ACA8001DE3BE /* EDGTestUITests.swift */; };
		0DD35ED62962ACA8001DE3BE /* EDGTestUITestsLaunchTests.swift in Sources */ = {isa = PBXBuildFile; fileRef = 0DD35ED52962ACA8001DE3BE /* EDGTestUITestsLaunchTests.swift */; };
		0DD35EE32962C10F001DE3BE /* ProductListView.swift in Sources */ = {isa = PBXBuildFile; fileRef = 0DD35EE22962C10F001DE3BE /* ProductListView.swift */; };
		0DD35EE62962C16E001DE3BE /* FavouritesView.swift in Sources */ = {isa = PBXBuildFile; fileRef = 0DD35EE52962C16E001DE3BE /* FavouritesView.swift */; };
		0DD35EE82962C18D001DE3BE /* ProductDetailView.swift in Sources */ = {isa = PBXBuildFile; fileRef = 0DD35EE72962C18D001DE3BE /* ProductDetailView.swift */; };
		0DD35EED2962C827001DE3BE /* Product.swift in Sources */ = {isa = PBXBuildFile; fileRef = 0DD35EEC2962C827001DE3BE /* Product.swift */; };
		0DD35EEF2962C871001DE3BE /* ProductListViewModel.swift in Sources */ = {isa = PBXBuildFile; fileRef = 0DD35EEE2962C871001DE3BE /* ProductListViewModel.swift */; };
		0DD35EF62962C91B001DE3BE /* NetworkManager.swift in Sources */ = {isa = PBXBuildFile; fileRef = 0DD35EF12962C91B001DE3BE /* NetworkManager.swift */; };
		0DD35EF72962C91B001DE3BE /* NetworkError.swift in Sources */ = {isa = PBXBuildFile; fileRef = 0DD35EF22962C91B001DE3BE /* NetworkError.swift */; };
		0DD35EF82962C91B001DE3BE /* URLRequestExtension.swift in Sources */ = {isa = PBXBuildFile; fileRef = 0DD35EF32962C91B001DE3BE /* URLRequestExtension.swift */; };
		0DD35EF92962C91B001DE3BE /* Endpoint.swift in Sources */ = {isa = PBXBuildFile; fileRef = 0DD35EF42962C91B001DE3BE /* Endpoint.swift */; };
		0DD35EFA2962C91B001DE3BE /* BaseNetworkManager.swift in Sources */ = {isa = PBXBuildFile; fileRef = 0DD35EF52962C91B001DE3BE /* BaseNetworkManager.swift */; };
/* End PBXBuildFile section */

/* Begin PBXContainerItemProxy section */
		0DD35EC62962ACA8001DE3BE /* PBXContainerItemProxy */ = {
			isa = PBXContainerItemProxy;
			containerPortal = 0DD35EAD2962ACA3001DE3BE /* Project object */;
			proxyType = 1;
			remoteGlobalIDString = 0DD35EB42962ACA4001DE3BE;
			remoteInfo = EDGTest;
		};
		0DD35ED02962ACA8001DE3BE /* PBXContainerItemProxy */ = {
			isa = PBXContainerItemProxy;
			containerPortal = 0DD35EAD2962ACA3001DE3BE /* Project object */;
			proxyType = 1;
			remoteGlobalIDString = 0DD35EB42962ACA4001DE3BE;
			remoteInfo = EDGTest;
		};
/* End PBXContainerItemProxy section */

/* Begin PBXFileReference section */
		0DD35EB52962ACA4001DE3BE /* EDGTest.app */ = {isa = PBXFileReference; explicitFileType = wrapper.application; includeInIndex = 0; path = EDGTest.app; sourceTree = BUILT_PRODUCTS_DIR; };
		0DD35EB82962ACA4001DE3BE /* EDGTestApp.swift */ = {isa = PBXFileReference; lastKnownFileType = sourcecode.swift; path = EDGTestApp.swift; sourceTree = "<group>"; };
		0DD35EBA2962ACA4001DE3BE /* ContentView.swift */ = {isa = PBXFileReference; lastKnownFileType = sourcecode.swift; path = ContentView.swift; sourceTree = "<group>"; };
		0DD35EBC2962ACA7001DE3BE /* Assets.xcassets */ = {isa = PBXFileReference; lastKnownFileType = folder.assetcatalog; path = Assets.xcassets; sourceTree = "<group>"; };
		0DD35EBF2962ACA7001DE3BE /* Preview Assets.xcassets */ = {isa = PBXFileReference; lastKnownFileType = folder.assetcatalog; path = "Preview Assets.xcassets"; sourceTree = "<group>"; };
		0DD35EC52962ACA8001DE3BE /* EDGTestTests.xctest */ = {isa = PBXFileReference; explicitFileType = wrapper.cfbundle; includeInIndex = 0; path = EDGTestTests.xctest; sourceTree = BUILT_PRODUCTS_DIR; };
		0DD35EC92962ACA8001DE3BE /* EDGTestTests.swift */ = {isa = PBXFileReference; lastKnownFileType = sourcecode.swift; path = EDGTestTests.swift; sourceTree = "<group>"; };
		0DD35ECF2962ACA8001DE3BE /* EDGTestUITests.xctest */ = {isa = PBXFileReference; explicitFileType = wrapper.cfbundle; includeInIndex = 0; path = EDGTestUITests.xctest; sourceTree = BUILT_PRODUCTS_DIR; };
		0DD35ED32962ACA8001DE3BE /* EDGTestUITests.swift */ = {isa = PBXFileReference; lastKnownFileType = sourcecode.swift; path = EDGTestUITests.swift; sourceTree = "<group>"; };
		0DD35ED52962ACA8001DE3BE /* EDGTestUITestsLaunchTests.swift */ = {isa = PBXFileReference; lastKnownFileType = sourcecode.swift; path = EDGTestUITestsLaunchTests.swift; sourceTree = "<group>"; };
		0DD35EE22962C10F001DE3BE /* ProductListView.swift */ = {isa = PBXFileReference; lastKnownFileType = sourcecode.swift; path = ProductListView.swift; sourceTree = "<group>"; };
		0DD35EE52962C16E001DE3BE /* FavouritesView.swift */ = {isa = PBXFileReference; lastKnownFileType = sourcecode.swift; path = FavouritesView.swift; sourceTree = "<group>"; };
		0DD35EE72962C18D001DE3BE /* ProductDetailView.swift */ = {isa = PBXFileReference; lastKnownFileType = sourcecode.swift; path = ProductDetailView.swift; sourceTree = "<group>"; };
		0DD35EEC2962C827001DE3BE /* Product.swift */ = {isa = PBXFileReference; lastKnownFileType = sourcecode.swift; path = Product.swift; sourceTree = "<group>"; };
		0DD35EEE2962C871001DE3BE /* ProductListViewModel.swift */ = {isa = PBXFileReference; lastKnownFileType = sourcecode.swift; path = ProductListViewModel.swift; sourceTree = "<group>"; };
		0DD35EF12962C91B001DE3BE /* NetworkManager.swift */ = {isa = PBXFileReference; fileEncoding = 4; lastKnownFileType = sourcecode.swift; path = NetworkManager.swift; sourceTree = "<group>"; };
		0DD35EF22962C91B001DE3BE /* NetworkError.swift */ = {isa = PBXFileReference; fileEncoding = 4; lastKnownFileType = sourcecode.swift; path = NetworkError.swift; sourceTree = "<group>"; };
		0DD35EF32962C91B001DE3BE /* URLRequestExtension.swift */ = {isa = PBXFileReference; fileEncoding = 4; lastKnownFileType = sourcecode.swift; path = URLRequestExtension.swift; sourceTree = "<group>"; };
		0DD35EF42962C91B001DE3BE /* Endpoint.swift */ = {isa = PBXFileReference; fileEncoding = 4; lastKnownFileType = sourcecode.swift; path = Endpoint.swift; sourceTree = "<group>"; };
		0DD35EF52962C91B001DE3BE /* BaseNetworkManager.swift */ = {isa = PBXFileReference; fileEncoding = 4; lastKnownFileType = sourcecode.swift; path = BaseNetworkManager.swift; sourceTree = "<group>"; };
/* End PBXFileReference section */

/* Begin PBXFrameworksBuildPhase section */
		0DD35EB22962ACA4001DE3BE /* Frameworks */ = {
			isa = PBXFrameworksBuildPhase;
			buildActionMask = 2147483647;
			files = (
			);
			runOnlyForDeploymentPostprocessing = 0;
		};
		0DD35EC22962ACA8001DE3BE /* Frameworks */ = {
			isa = PBXFrameworksBuildPhase;
			buildActionMask = 2147483647;
			files = (
			);
			runOnlyForDeploymentPostprocessing = 0;
		};
		0DD35ECC2962ACA8001DE3BE /* Frameworks */ = {
			isa = PBXFrameworksBuildPhase;
			buildActionMask = 2147483647;
			files = (
			);
			runOnlyForDeploymentPostprocessing = 0;
		};
/* End PBXFrameworksBuildPhase section */

/* Begin PBXGroup section */
		0DD35EAC2962ACA3001DE3BE = {
			isa = PBXGroup;
			children = (
				0DD35EB72962ACA4001DE3BE /* EDGTest */,
				0DD35EC82962ACA8001DE3BE /* EDGTestTests */,
				0DD35ED22962ACA8001DE3BE /* EDGTestUITests */,
				0DD35EB62962ACA4001DE3BE /* Products */,
			);
			sourceTree = "<group>";
		};
		0DD35EB62962ACA4001DE3BE /* Products */ = {
			isa = PBXGroup;
			children = (
				0DD35EB52962ACA4001DE3BE /* EDGTest.app */,
				0DD35EC52962ACA8001DE3BE /* EDGTestTests.xctest */,
				0DD35ECF2962ACA8001DE3BE /* EDGTestUITests.xctest */,
			);
			name = Products;
			sourceTree = "<group>";
		};
		0DD35EB72962ACA4001DE3BE /* EDGTest */ = {
			isa = PBXGroup;
			children = (
				0DD35EB82962ACA4001DE3BE /* EDGTestApp.swift */,
				0DD35EF02962C8F3001DE3BE /* Network */,
				0DD35EE42962C119001DE3BE /* View */,
				0DD35EE92962C1CD001DE3BE /* ViewModel */,
				0DD35EEB2962C1EE001DE3BE /* Model */,
				0DD35EBC2962ACA7001DE3BE /* Assets.xcassets */,
				0DD35EBE2962ACA7001DE3BE /* Preview Content */,
			);
			path = EDGTest;
			sourceTree = "<group>";
		};
		0DD35EBE2962ACA7001DE3BE /* Preview Content */ = {
			isa = PBXGroup;
			children = (
				0DD35EBF2962ACA7001DE3BE /* Preview Assets.xcassets */,
			);
			path = "Preview Content";
			sourceTree = "<group>";
		};
		0DD35EC82962ACA8001DE3BE /* EDGTestTests */ = {
			isa = PBXGroup;
			children = (
				0DD35EC92962ACA8001DE3BE /* EDGTestTests.swift */,
			);
			path = EDGTestTests;
			sourceTree = "<group>";
		};
		0DD35ED22962ACA8001DE3BE /* EDGTestUITests */ = {
			isa = PBXGroup;
			children = (
				0DD35ED32962ACA8001DE3BE /* EDGTestUITests.swift */,
				0DD35ED52962ACA8001DE3BE /* EDGTestUITestsLaunchTests.swift */,
			);
			path = EDGTestUITests;
			sourceTree = "<group>";
		};
		0DD35EE42962C119001DE3BE /* View */ = {
			isa = PBXGroup;
			children = (
				0DD35EBA2962ACA4001DE3BE /* ContentView.swift */,
				0DD35EE22962C10F001DE3BE /* ProductListView.swift */,
				0DD35EE52962C16E001DE3BE /* FavouritesView.swift */,
				0DD35EE72962C18D001DE3BE /* ProductDetailView.swift */,
			);
			path = View;
			sourceTree = "<group>";
		};
		0DD35EE92962C1CD001DE3BE /* ViewModel */ = {
			isa = PBXGroup;
			children = (
				0DD35EEE2962C871001DE3BE /* ProductListViewModel.swift */,
			);
			path = ViewModel;
			sourceTree = "<group>";
		};
		0DD35EEB2962C1EE001DE3BE /* Model */ = {
			isa = PBXGroup;
			children = (
				0DD35EEC2962C827001DE3BE /* Product.swift */,
			);
			path = Model;
			sourceTree = "<group>";
		};
		0DD35EF02962C8F3001DE3BE /* Network */ = {
			isa = PBXGroup;
			children = (
				0DD35EF52962C91B001DE3BE /* BaseNetworkManager.swift */,
				0DD35EF42962C91B001DE3BE /* Endpoint.swift */,
				0DD35EF22962C91B001DE3BE /* NetworkError.swift */,
				0DD35EF12962C91B001DE3BE /* NetworkManager.swift */,
				0DD35EF32962C91B001DE3BE /* URLRequestExtension.swift */,
			);
			path = Network;
			sourceTree = "<group>";
		};
/* End PBXGroup section */

/* Begin PBXNativeTarget section */
		0DD35EB42962ACA4001DE3BE /* EDGTest */ = {
			isa = PBXNativeTarget;
			buildConfigurationList = 0DD35ED92962ACA8001DE3BE /* Build configuration list for PBXNativeTarget "EDGTest" */;
			buildPhases = (
				0DD35EB12962ACA4001DE3BE /* Sources */,
				0DD35EB22962ACA4001DE3BE /* Frameworks */,
				0DD35EB32962ACA4001DE3BE /* Resources */,
			);
			buildRules = (
			);
			dependencies = (
			);
			name = EDGTest;
			productName = EDGTest;
			productReference = 0DD35EB52962ACA4001DE3BE /* EDGTest.app */;
			productType = "com.apple.product-type.application";
		};
		0DD35EC42962ACA8001DE3BE /* EDGTestTests */ = {
			isa = PBXNativeTarget;
			buildConfigurationList = 0DD35EDC2962ACA8001DE3BE /* Build configuration list for PBXNativeTarget "EDGTestTests" */;
			buildPhases = (
				0DD35EC12962ACA8001DE3BE /* Sources */,
				0DD35EC22962ACA8001DE3BE /* Frameworks */,
				0DD35EC32962ACA8001DE3BE /* Resources */,
			);
			buildRules = (
			);
			dependencies = (
				0DD35EC72962ACA8001DE3BE /* PBXTargetDependency */,
			);
			name = EDGTestTests;
			productName = EDGTestTests;
			productReference = 0DD35EC52962ACA8001DE3BE /* EDGTestTests.xctest */;
			productType = "com.apple.product-type.bundle.unit-test";
		};
		0DD35ECE2962ACA8001DE3BE /* EDGTestUITests */ = {
			isa = PBXNativeTarget;
			buildConfigurationList = 0DD35EDF2962ACA8001DE3BE /* Build configuration list for PBXNativeTarget "EDGTestUITests" */;
			buildPhases = (
				0DD35ECB2962ACA8001DE3BE /* Sources */,
				0DD35ECC2962ACA8001DE3BE /* Frameworks */,
				0DD35ECD2962ACA8001DE3BE /* Resources */,
			);
			buildRules = (
			);
			dependencies = (
				0DD35ED12962ACA8001DE3BE /* PBXTargetDependency */,
			);
			name = EDGTestUITests;
			productName = EDGTestUITests;
			productReference = 0DD35ECF2962ACA8001DE3BE /* EDGTestUITests.xctest */;
			productType = "com.apple.product-type.bundle.ui-testing";
		};
/* End PBXNativeTarget section */

/* Begin PBXProject section */
		0DD35EAD2962ACA3001DE3BE /* Project object */ = {
			isa = PBXProject;
			attributes = {
				BuildIndependentTargetsInParallel = 1;
				LastSwiftUpdateCheck = 1420;
				LastUpgradeCheck = 1420;
				TargetAttributes = {
					0DD35EB42962ACA4001DE3BE = {
						CreatedOnToolsVersion = 14.2;
					};
					0DD35EC42962ACA8001DE3BE = {
						CreatedOnToolsVersion = 14.2;
						TestTargetID = 0DD35EB42962ACA4001DE3BE;
					};
					0DD35ECE2962ACA8001DE3BE = {
						CreatedOnToolsVersion = 14.2;
						TestTargetID = 0DD35EB42962ACA4001DE3BE;
					};
				};
			};
			buildConfigurationList = 0DD35EB02962ACA3001DE3BE /* Build configuration list for PBXProject "EDGTest" */;
			compatibilityVersion = "Xcode 14.0";
			developmentRegion = en;
			hasScannedForEncodings = 0;
			knownRegions = (
				en,
				Base,
			);
			mainGroup = 0DD35EAC2962ACA3001DE3BE;
			productRefGroup = 0DD35EB62962ACA4001DE3BE /* Products */;
			projectDirPath = "";
			projectRoot = "";
			targets = (
				0DD35EB42962ACA4001DE3BE /* EDGTest */,
				0DD35EC42962ACA8001DE3BE /* EDGTestTests */,
				0DD35ECE2962ACA8001DE3BE /* EDGTestUITests */,
			);
		};
/* End PBXProject section */

/* Begin PBXResourcesBuildPhase section */
		0DD35EB32962ACA4001DE3BE /* Resources */ = {
			isa = PBXResourcesBuildPhase;
			buildActionMask = 2147483647;
			files = (
				0DD35EC02962ACA7001DE3BE /* Preview Assets.xcassets in Resources */,
				0DD35EBD2962ACA7001DE3BE /* Assets.xcassets in Resources */,
			);
			runOnlyForDeploymentPostprocessing = 0;
		};
		0DD35EC32962ACA8001DE3BE /* Resources */ = {
			isa = PBXResourcesBuildPhase;
			buildActionMask = 2147483647;
			files = (
			);
			runOnlyForDeploymentPostprocessing = 0;
		};
		0DD35ECD2962ACA8001DE3BE /* Resources */ = {
			isa = PBXResourcesBuildPhase;
			buildActionMask = 2147483647;
			files = (
			);
			runOnlyForDeploymentPostprocessing = 0;
		};
/* End PBXResourcesBuildPhase section */

/* Begin PBXSourcesBuildPhase section */
		0DD35EB12962ACA4001DE3BE /* Sources */ = {
			isa = PBXSourcesBuildPhase;
			buildActionMask = 2147483647;
			files = (
				0DD35EEF2962C871001DE3BE /* ProductListViewModel.swift in Sources */,
				0DD35EF82962C91B001DE3BE /* URLRequestExtension.swift in Sources */,
				0DD35EE32962C10F001DE3BE /* ProductListView.swift in Sources */,
				0DD35EE82962C18D001DE3BE /* ProductDetailView.swift in Sources */,
				0DD35EBB2962ACA4001DE3BE /* ContentView.swift in Sources */,
				0DD35EF62962C91B001DE3BE /* NetworkManager.swift in Sources */,
				0DD35EE62962C16E001DE3BE /* FavouritesView.swift in Sources */,
				0DD35EFA2962C91B001DE3BE /* BaseNetworkManager.swift in Sources */,
				0DD35EF72962C91B001DE3BE /* NetworkError.swift in Sources */,
				0DD35EB92962ACA4001DE3BE /* EDGTestApp.swift in Sources */,
				0DD35EF92962C91B001DE3BE /* Endpoint.swift in Sources */,
				0DD35EED2962C827001DE3BE /* Product.swift in Sources */,
			);
			runOnlyForDeploymentPostprocessing = 0;
		};
		0DD35EC12962ACA8001DE3BE /* Sources */ = {
			isa = PBXSourcesBuildPhase;
			buildActionMask = 2147483647;
			files = (
				0DD35ECA2962ACA8001DE3BE /* EDGTestTests.swift in Sources */,
			);
			runOnlyForDeploymentPostprocessing = 0;
		};
		0DD35ECB2962ACA8001DE3BE /* Sources */ = {
			isa = PBXSourcesBuildPhase;
			buildActionMask = 2147483647;
			files = (
				0DD35ED42962ACA8001DE3BE /* EDGTestUITests.swift in Sources */,
				0DD35ED62962ACA8001DE3BE /* EDGTestUITestsLaunchTests.swift in Sources */,
			);
			runOnlyForDeploymentPostprocessing = 0;
		};
/* End PBXSourcesBuildPhase section */

/* Begin PBXTargetDependency section */
		0DD35EC72962ACA8001DE3BE /* PBXTargetDependency */ = {
			isa = PBXTargetDependency;
			target = 0DD35EB42962ACA4001DE3BE /* EDGTest */;
			targetProxy = 0DD35EC62962ACA8001DE3BE /* PBXContainerItemProxy */;
		};
		0DD35ED12962ACA8001DE3BE /* PBXTargetDependency */ = {
			isa = PBXTargetDependency;
			target = 0DD35EB42962ACA4001DE3BE /* EDGTest */;
			targetProxy = 0DD35ED02962ACA8001DE3BE /* PBXContainerItemProxy */;
		};
/* End PBXTargetDependency section */

/* Begin XCBuildConfiguration section */
		0DD35ED72962ACA8001DE3BE /* Debug */ = {
			isa = XCBuildConfiguration;
			buildSettings = {
				ALWAYS_SEARCH_USER_PATHS = NO;
				CLANG_ANALYZER_NONNULL = YES;
				CLANG_ANALYZER_NUMBER_OBJECT_CONVERSION = YES_AGGRESSIVE;
				CLANG_CXX_LANGUAGE_STANDARD = "gnu++20";
				CLANG_ENABLE_MODULES = YES;
				CLANG_ENABLE_OBJC_ARC = YES;
				CLANG_ENABLE_OBJC_WEAK = YES;
				CLANG_WARN_BLOCK_CAPTURE_AUTORELEASING = YES;
				CLANG_WARN_BOOL_CONVERSION = YES;
				CLANG_WARN_COMMA = YES;
				CLANG_WARN_CONSTANT_CONVERSION = YES;
				CLANG_WARN_DEPRECATED_OBJC_IMPLEMENTATIONS = YES;
				CLANG_WARN_DIRECT_OBJC_ISA_USAGE = YES_ERROR;
				CLANG_WARN_DOCUMENTATION_COMMENTS = YES;
				CLANG_WARN_EMPTY_BODY = YES;
				CLANG_WARN_ENUM_CONVERSION = YES;
				CLANG_WARN_INFINITE_RECURSION = YES;
				CLANG_WARN_INT_CONVERSION = YES;
				CLANG_WARN_NON_LITERAL_NULL_CONVERSION = YES;
				CLANG_WARN_OBJC_IMPLICIT_RETAIN_SELF = YES;
				CLANG_WARN_OBJC_LITERAL_CONVERSION = YES;
				CLANG_WARN_OBJC_ROOT_CLASS = YES_ERROR;
				CLANG_WARN_QUOTED_INCLUDE_IN_FRAMEWORK_HEADER = YES;
				CLANG_WARN_RANGE_LOOP_ANALYSIS = YES;
				CLANG_WARN_STRICT_PROTOTYPES = YES;
				CLANG_WARN_SUSPICIOUS_MOVE = YES;
				CLANG_WARN_UNGUARDED_AVAILABILITY = YES_AGGRESSIVE;
				CLANG_WARN_UNREACHABLE_CODE = YES;
				CLANG_WARN__DUPLICATE_METHOD_MATCH = YES;
				COPY_PHASE_STRIP = NO;
				DEBUG_INFORMATION_FORMAT = dwarf;
				ENABLE_STRICT_OBJC_MSGSEND = YES;
				ENABLE_TESTABILITY = YES;
				GCC_C_LANGUAGE_STANDARD = gnu11;
				GCC_DYNAMIC_NO_PIC = NO;
				GCC_NO_COMMON_BLOCKS = YES;
				GCC_OPTIMIZATION_LEVEL = 0;
				GCC_PREPROCESSOR_DEFINITIONS = (
					"DEBUG=1",
					"$(inherited)",
				);
				GCC_WARN_64_TO_32_BIT_CONVERSION = YES;
				GCC_WARN_ABOUT_RETURN_TYPE = YES_ERROR;
				GCC_WARN_UNDECLARED_SELECTOR = YES;
				GCC_WARN_UNINITIALIZED_AUTOS = YES_AGGRESSIVE;
				GCC_WARN_UNUSED_FUNCTION = YES;
				GCC_WARN_UNUSED_VARIABLE = YES;
				IPHONEOS_DEPLOYMENT_TARGET = 16.2;
				MTL_ENABLE_DEBUG_INFO = INCLUDE_SOURCE;
				MTL_FAST_MATH = YES;
				ONLY_ACTIVE_ARCH = YES;
				SDKROOT = iphoneos;
				SWIFT_ACTIVE_COMPILATION_CONDITIONS = DEBUG;
				SWIFT_OPTIMIZATION_LEVEL = "-Onone";
			};
			name = Debug;
		};
		0DD35ED82962ACA8001DE3BE /* Release */ = {
			isa = XCBuildConfiguration;
			buildSettings = {
				ALWAYS_SEARCH_USER_PATHS = NO;
				CLANG_ANALYZER_NONNULL = YES;
				CLANG_ANALYZER_NUMBER_OBJECT_CONVERSION = YES_AGGRESSIVE;
				CLANG_CXX_LANGUAGE_STANDARD = "gnu++20";
				CLANG_ENABLE_MODULES = YES;
				CLANG_ENABLE_OBJC_ARC = YES;
				CLANG_ENABLE_OBJC_WEAK = YES;
				CLANG_WARN_BLOCK_CAPTURE_AUTORELEASING = YES;
				CLANG_WARN_BOOL_CONVERSION = YES;
				CLANG_WARN_COMMA = YES;
				CLANG_WARN_CONSTANT_CONVERSION = YES;
				CLANG_WARN_DEPRECATED_OBJC_IMPLEMENTATIONS = YES;
				CLANG_WARN_DIRECT_OBJC_ISA_USAGE = YES_ERROR;
				CLANG_WARN_DOCUMENTATION_COMMENTS = YES;
				CLANG_WARN_EMPTY_BODY = YES;
				CLANG_WARN_ENUM_CONVERSION = YES;
				CLANG_WARN_INFINITE_RECURSION = YES;
				CLANG_WARN_INT_CONVERSION = YES;
				CLANG_WARN_NON_LITERAL_NULL_CONVERSION = YES;
				CLANG_WARN_OBJC_IMPLICIT_RETAIN_SELF = YES;
				CLANG_WARN_OBJC_LITERAL_CONVERSION = YES;
				CLANG_WARN_OBJC_ROOT_CLASS = YES_ERROR;
				CLANG_WARN_QUOTED_INCLUDE_IN_FRAMEWORK_HEADER = YES;
				CLANG_WARN_RANGE_LOOP_ANALYSIS = YES;
				CLANG_WARN_STRICT_PROTOTYPES = YES;
				CLANG_WARN_SUSPICIOUS_MOVE = YES;
				CLANG_WARN_UNGUARDED_AVAILABILITY = YES_AGGRESSIVE;
				CLANG_WARN_UNREACHABLE_CODE = YES;
				CLANG_WARN__DUPLICATE_METHOD_MATCH = YES;
				COPY_PHASE_STRIP = NO;
				DEBUG_INFORMATION_FORMAT = "dwarf-with-dsym";
				ENABLE_NS_ASSERTIONS = NO;
				ENABLE_STRICT_OBJC_MSGSEND = YES;
				GCC_C_LANGUAGE_STANDARD = gnu11;
				GCC_NO_COMMON_BLOCKS = YES;
				GCC_WARN_64_TO_32_BIT_CONVERSION = YES;
				GCC_WARN_ABOUT_RETURN_TYPE = YES_ERROR;
				GCC_WARN_UNDECLARED_SELECTOR = YES;
				GCC_WARN_UNINITIALIZED_AUTOS = YES_AGGRESSIVE;
				GCC_WARN_UNUSED_FUNCTION = YES;
				GCC_WARN_UNUSED_VARIABLE = YES;
				IPHONEOS_DEPLOYMENT_TARGET = 16.2;
				MTL_ENABLE_DEBUG_INFO = NO;
				MTL_FAST_MATH = YES;
				SDKROOT = iphoneos;
				SWIFT_COMPILATION_MODE = wholemodule;
				SWIFT_OPTIMIZATION_LEVEL = "-O";
				VALIDATE_PRODUCT = YES;
			};
			name = Release;
		};
		0DD35EDA2962ACA8001DE3BE /* Debug */ = {
			isa = XCBuildConfiguration;
			buildSettings = {
				ASSETCATALOG_COMPILER_APPICON_NAME = AppIcon;
				ASSETCATALOG_COMPILER_GLOBAL_ACCENT_COLOR_NAME = AccentColor;
				CODE_SIGN_STYLE = Automatic;
				CURRENT_PROJECT_VERSION = 1;
				DEVELOPMENT_ASSET_PATHS = "\"EDGTest/Preview Content\"";
				DEVELOPMENT_TEAM = JWM5P9AA5A;
				ENABLE_PREVIEWS = YES;
				GENERATE_INFOPLIST_FILE = YES;
				INFOPLIST_KEY_UIApplicationSceneManifest_Generation = YES;
				INFOPLIST_KEY_UIApplicationSupportsIndirectInputEvents = YES;
				INFOPLIST_KEY_UILaunchScreen_Generation = YES;
				INFOPLIST_KEY_UISupportedInterfaceOrientations_iPad = "UIInterfaceOrientationPortrait UIInterfaceOrientationPortraitUpsideDown UIInterfaceOrientationLandscapeLeft UIInterfaceOrientationLandscapeRight";
				INFOPLIST_KEY_UISupportedInterfaceOrientations_iPhone = "UIInterfaceOrientationPortrait UIInterfaceOrientationLandscapeLeft UIInterfaceOrientationLandscapeRight";
				LD_RUNPATH_SEARCH_PATHS = (
					"$(inherited)",
					"@executable_path/Frameworks",
				);
				MARKETING_VERSION = 1.0;
				PRODUCT_BUNDLE_IDENTIFIER = codecraft.EDGTest;
				PRODUCT_NAME = "$(TARGET_NAME)";
				SWIFT_EMIT_LOC_STRINGS = YES;
				SWIFT_VERSION = 5.0;
				TARGETED_DEVICE_FAMILY = "1,2";
			};
			name = Debug;
		};
		0DD35EDB2962ACA8001DE3BE /* Release */ = {
			isa = XCBuildConfiguration;
			buildSettings = {
				ASSETCATALOG_COMPILER_APPICON_NAME = AppIcon;
				ASSETCATALOG_COMPILER_GLOBAL_ACCENT_COLOR_NAME = AccentColor;
				CODE_SIGN_STYLE = Automatic;
				CURRENT_PROJECT_VERSION = 1;
				DEVELOPMENT_ASSET_PATHS = "\"EDGTest/Preview Content\"";
				DEVELOPMENT_TEAM = JWM5P9AA5A;
				ENABLE_PREVIEWS = YES;
				GENERATE_INFOPLIST_FILE = YES;
				INFOPLIST_KEY_UIApplicationSceneManifest_Generation = YES;
				INFOPLIST_KEY_UIApplicationSupportsIndirectInputEvents = YES;
				INFOPLIST_KEY_UILaunchScreen_Generation = YES;
				INFOPLIST_KEY_UISupportedInterfaceOrientations_iPad = "UIInterfaceOrientationPortrait UIInterfaceOrientationPortraitUpsideDown UIInterfaceOrientationLandscapeLeft UIInterfaceOrientationLandscapeRight";
				INFOPLIST_KEY_UISupportedInterfaceOrientations_iPhone = "UIInterfaceOrientationPortrait UIInterfaceOrientationLandscapeLeft UIInterfaceOrientationLandscapeRight";
				LD_RUNPATH_SEARCH_PATHS = (
					"$(inherited)",
					"@executable_path/Frameworks",
				);
				MARKETING_VERSION = 1.0;
				PRODUCT_BUNDLE_IDENTIFIER = codecraft.EDGTest;
				PRODUCT_NAME = "$(TARGET_NAME)";
				SWIFT_EMIT_LOC_STRINGS = YES;
				SWIFT_VERSION = 5.0;
				TARGETED_DEVICE_FAMILY = "1,2";
			};
			name = Release;
		};
		0DD35EDD2962ACA8001DE3BE /* Debug */ = {
			isa = XCBuildConfiguration;
			buildSettings = {
				ALWAYS_EMBED_SWIFT_STANDARD_LIBRARIES = YES;
				BUNDLE_LOADER = "$(TEST_HOST)";
				CODE_SIGN_STYLE = Automatic;
				CURRENT_PROJECT_VERSION = 1;
				DEVELOPMENT_TEAM = JWM5P9AA5A;
				GENERATE_INFOPLIST_FILE = YES;
				IPHONEOS_DEPLOYMENT_TARGET = 16.2;
				MARKETING_VERSION = 1.0;
				PRODUCT_BUNDLE_IDENTIFIER = codecraft.EDGTestTests;
				PRODUCT_NAME = "$(TARGET_NAME)";
				SWIFT_EMIT_LOC_STRINGS = NO;
				SWIFT_VERSION = 5.0;
				TARGETED_DEVICE_FAMILY = "1,2";
				TEST_HOST = "$(BUILT_PRODUCTS_DIR)/EDGTest.app/$(BUNDLE_EXECUTABLE_FOLDER_PATH)/EDGTest";
			};
			name = Debug;
		};
		0DD35EDE2962ACA8001DE3BE /* Release */ = {
			isa = XCBuildConfiguration;
			buildSettings = {
				ALWAYS_EMBED_SWIFT_STANDARD_LIBRARIES = YES;
				BUNDLE_LOADER = "$(TEST_HOST)";
				CODE_SIGN_STYLE = Automatic;
				CURRENT_PROJECT_VERSION = 1;
				DEVELOPMENT_TEAM = JWM5P9AA5A;
				GENERATE_INFOPLIST_FILE = YES;
				IPHONEOS_DEPLOYMENT_TARGET = 16.2;
				MARKETING_VERSION = 1.0;
				PRODUCT_BUNDLE_IDENTIFIER = codecraft.EDGTestTests;
				PRODUCT_NAME = "$(TARGET_NAME)";
				SWIFT_EMIT_LOC_STRINGS = NO;
				SWIFT_VERSION = 5.0;
				TARGETED_DEVICE_FAMILY = "1,2";
				TEST_HOST = "$(BUILT_PRODUCTS_DIR)/EDGTest.app/$(BUNDLE_EXECUTABLE_FOLDER_PATH)/EDGTest";
			};
			name = Release;
		};
		0DD35EE02962ACA8001DE3BE /* Debug */ = {
			isa = XCBuildConfiguration;
			buildSettings = {
				ALWAYS_EMBED_SWIFT_STANDARD_LIBRARIES = YES;
				CODE_SIGN_STYLE = Automatic;
				CURRENT_PROJECT_VERSION = 1;
				DEVELOPMENT_TEAM = JWM5P9AA5A;
				GENERATE_INFOPLIST_FILE = YES;
				MARKETING_VERSION = 1.0;
				PRODUCT_BUNDLE_IDENTIFIER = codecraft.EDGTestUITests;
				PRODUCT_NAME = "$(TARGET_NAME)";
				SWIFT_EMIT_LOC_STRINGS = NO;
				SWIFT_VERSION = 5.0;
				TARGETED_DEVICE_FAMILY = "1,2";
				TEST_TARGET_NAME = EDGTest;
			};
			name = Debug;
		};
		0DD35EE12962ACA8001DE3BE /* Release */ = {
			isa = XCBuildConfiguration;
			buildSettings = {
				ALWAYS_EMBED_SWIFT_STANDARD_LIBRARIES = YES;
				CODE_SIGN_STYLE = Automatic;
				CURRENT_PROJECT_VERSION = 1;
				DEVELOPMENT_TEAM = JWM5P9AA5A;
				GENERATE_INFOPLIST_FILE = YES;
				MARKETING_VERSION = 1.0;
				PRODUCT_BUNDLE_IDENTIFIER = codecraft.EDGTestUITests;
				PRODUCT_NAME = "$(TARGET_NAME)";
				SWIFT_EMIT_LOC_STRINGS = NO;
				SWIFT_VERSION = 5.0;
				TARGETED_DEVICE_FAMILY = "1,2";
				TEST_TARGET_NAME = EDGTest;
			};
			name = Release;
		};
/* End XCBuildConfiguration section */

/* Begin XCConfigurationList section */
		0DD35EB02962ACA3001DE3BE /* Build configuration list for PBXProject "EDGTest" */ = {
			isa = XCConfigurationList;
			buildConfigurations = (
				0DD35ED72962ACA8001DE3BE /* Debug */,
				0DD35ED82962ACA8001DE3BE /* Release */,
			);
			defaultConfigurationIsVisible = 0;
			defaultConfigurationName = Release;
		};
		0DD35ED92962ACA8001DE3BE /* Build configuration list for PBXNativeTarget "EDGTest" */ = {
			isa = XCConfigurationList;
			buildConfigurations = (
				0DD35EDA2962ACA8001DE3BE /* Debug */,
				0DD35EDB2962ACA8001DE3BE /* Release */,
			);
			defaultConfigurationIsVisible = 0;
			defaultConfigurationName = Release;
		};
		0DD35EDC2962ACA8001DE3BE /* Build configuration list for PBXNativeTarget "EDGTestTests" */ = {
			isa = XCConfigurationList;
			buildConfigurations = (
				0DD35EDD2962ACA8001DE3BE /* Debug */,
				0DD35EDE2962ACA8001DE3BE /* Release */,
			);
			defaultConfigurationIsVisible = 0;
			defaultConfigurationName = Release;
		};
		0DD35EDF2962ACA8001DE3BE /* Build configuration list for PBXNativeTarget "EDGTestUITests" */ = {
			isa = XCConfigurationList;
			buildConfigurations = (
				0DD35EE02962ACA8001DE3BE /* Debug */,
				0DD35EE12962ACA8001DE3BE /* Release */,
			);
			defaultConfigurationIsVisible = 0;
			defaultConfigurationName = Release;
		};
/* End XCConfigurationList section */
	};
	rootObject = 0DD35EAD2962ACA3001DE3BE /* Project object */;
}
